# This file is automatically @generated by Cargo.
# It is not intended for manual editing.
version = 4

[[package]]
name = "colored_text"
version = "0.4.1"
source = "registry+https://github.com/rust-lang/crates.io-index"
checksum = "d1a3330c8c6d190b9cfd6a2cfad78bc4c7de129fb3ed929e3fa8348d1d314a44"

[[package]]
name = "todo_task"
version = "0.1.0"
dependencies = [
 "colored_text",
]
